
Microsoft Visual Studio Solution File, Format Version 12.00
# Visual Studio Version 17
VisualStudioVersion = 17.11.35312.102
MinimumVisualStudioVersion = 10.0.40219.1
Project("{2150E333-8FDC-42A3-9474-1A3956D46DE8}") = "Task0", "Task0", "{B00C6ECA-712B-423F-ACC2-DC6BEA3A50AB}"
EndProject
Project("{9A19103F-16F7-4668-BE54-9A1E7A4F7556}") = "Tyuiu.SychevAD.Sprint4.Task0.V5", "Tyuiu.SychevAD.Sprint4.Task0.V5\Tyuiu.SychevAD.Sprint4.Task0.V5.csproj", "{C1D7421D-B6AE-40A0-BA82-06683FCC68B6}"
EndProject
Project("{9A19103F-16F7-4668-BE54-9A1E7A4F7556}") = "Tyuiu.SychevAD.Sprint4.Task0.V5.Lib", "Tyuiu.SychevAD.Sprint4.Task0.V5.Lib\Tyuiu.SychevAD.Sprint4.Task0.V5.Lib.csproj", "{87A0E703-DF20-4902-824F-587CC13C5970}"
EndProject
Project("{9A19103F-16F7-4668-BE54-9A1E7A4F7556}") = "Tyuiu.SychevAD.Sprint4.Task0.V5.Test", "Tyuiu.SychevAD.Sprint4.Task0.V5.Test\Tyuiu.SychevAD.Sprint4.Task0.V5.Test.csproj", "{70C77A77-1F2C-4FB3-9870-D6D1C354D57C}"
EndProject
Project("{2150E333-8FDC-42A3-9474-1A3956D46DE8}") = "Task2", "Task2", "{DB405031-3C42-45F7-9C16-DB2EB690898A}"
EndProject
Project("{2150E333-8FDC-42A3-9474-1A3956D46DE8}") = "Task1", "Task1", "{F7259065-1740-4C3E-A6BD-C5680B22D813}"
EndProject
Project("{2150E333-8FDC-42A3-9474-1A3956D46DE8}") = "Task3", "Task3", "{A4B6A21C-5351-4222-BC58-0E55C038EB5D}"
EndProject
Project("{2150E333-8FDC-42A3-9474-1A3956D46DE8}") = "Task4", "Task4", "{6F60C931-F6BF-4E4B-9D6E-316B69D8EDA8}"
EndProject
Project("{2150E333-8FDC-42A3-9474-1A3956D46DE8}") = "Task5", "Task5", "{D275DDC1-9F84-467B-AF17-340E7E7845B8}"
EndProject
Project("{2150E333-8FDC-42A3-9474-1A3956D46DE8}") = "Task6", "Task6", "{E4D7BC38-4E77-4508-8FE9-179105AEB9FC}"
EndProject
Project("{2150E333-8FDC-42A3-9474-1A3956D46DE8}") = "Task7", "Task7", "{37606592-9414-4C12-94A6-B3547F0963B3}"
EndProject
Project("{9A19103F-16F7-4668-BE54-9A1E7A4F7556}") = "Tyuiu.SychevAD.Sprint4.Task7.V2.Test", "Tyuiu.SychevAD.Sprint4.Task7.V2.Test\Tyuiu.SychevAD.Sprint4.Task7.V2.Test.csproj", "{B497AF8D-16BA-45BC-8DC6-8C67D56ECA66}"
EndProject
Project("{9A19103F-16F7-4668-BE54-9A1E7A4F7556}") = "Tyuiu.SychevAD.Sprint4.Task7.V2.Lib", "Tyuiu.SychevAD.Sprint4.Task7.V2.Lib\Tyuiu.SychevAD.Sprint4.Task7.V2.Lib.csproj", "{14111C73-829B-4CCF-87F7-8C61AB388B2F}"
EndProject
Project("{9A19103F-16F7-4668-BE54-9A1E7A4F7556}") = "Tyuiu.SychevAD.Sprint4.Task7.V2", "Tyuiu.SychevAD.Sprint4.Task7.V2\Tyuiu.SychevAD.Sprint4.Task7.V2.csproj", "{7AD74AEE-F951-4DD6-8417-43E650D4BD23}"
EndProject
Project("{9A19103F-16F7-4668-BE54-9A1E7A4F7556}") = "Tyuiu.SychevAD.Sprint4.Task6.V1.Lib", "Tyuiu.SychevAD.Sprint4.Task6.V1.Lib\Tyuiu.SychevAD.Sprint4.Task6.V1.Lib.csproj", "{B3E919EB-A89E-4890-A25D-6497CB348946}"
EndProject
Project("{9A19103F-16F7-4668-BE54-9A1E7A4F7556}") = "Tyuiu.SychevAD.Sprint4.Task6.V1", "Tyuiu.SychevAD.Sprint4.Task6.V1\Tyuiu.SychevAD.Sprint4.Task6.V1.csproj", "{E583C74E-43B9-4C19-A4FE-20AE15E399A9}"
EndProject
Project("{9A19103F-16F7-4668-BE54-9A1E7A4F7556}") = "Tyuiu.SychevAD.Sprint4.Task6.V1.Test", "Tyuiu.SychevAD.Sprint4.Task6.V1.Test\Tyuiu.SychevAD.Sprint4.Task6.V1.Test.csproj", "{5D8852FC-1D20-4997-9B11-E499519B5DED}"
EndProject
Project("{9A19103F-16F7-4668-BE54-9A1E7A4F7556}") = "Tyuiu.SychevAD.Sprint4.Task2.V13.Test", "Tyuiu.SychevAD.Sprint4.Task2.V13.Test\Tyuiu.SychevAD.Sprint4.Task2.V13.Test.csproj", "{A7ED0BFB-ABE8-4246-B4C8-C3A0121E8CA8}"
EndProject
Project("{9A19103F-16F7-4668-BE54-9A1E7A4F7556}") = "Tyuiu.SychevAD.Sprint4.Task2.V13", "Tyuiu.SychevAD.Sprint4.Task2.V13\Tyuiu.SychevAD.Sprint4.Task2.V13.csproj", "{DB9DE8C8-867C-4DD8-B614-FCFACF465A15}"
EndProject
Project("{9A19103F-16F7-4668-BE54-9A1E7A4F7556}") = "Tyuiu.SychevAD.Sprint4.Task2.V13.Lib", "Tyuiu.SychevAD.Sprint4.Task2.V13.Lib\Tyuiu.SychevAD.Sprint4.Task2.V13.Lib.csproj", "{89DC9CF1-6C0E-41B9-A9D1-B04E62FE5BC7}"
EndProject
Project("{FAE04EC0-301F-11D3-BF4B-00C04F79EFBC}") = "Tyuiu.SychevAD.Sprint4.Task1.V8.Lib", "Tyuiu.SychevAD.Sprint4.Task1.V8.Lib\Tyuiu.SychevAD.Sprint4.Task1.V8.Lib.csproj", "{1E880F2F-205F-4F54-8ABD-64D2ED20B0CA}"
EndProject
Project("{FAE04EC0-301F-11D3-BF4B-00C04F79EFBC}") = "Tyuiu.SychevAD.Sprint4.Task1.V8", "Tyuiu.SychevAD.Sprint4.Task1.V8\Tyuiu.SychevAD.Sprint4.Task1.V8.csproj", "{700832F8-5198-41B4-9FDC-BF1380D8744B}"
EndProject
Project("{FAE04EC0-301F-11D3-BF4B-00C04F79EFBC}") = "Tyuiu.SychevAD.Sprint4.Task1.V8.Test", "Tyuiu.SychevAD.Sprint4.Task1.V8.Test\Tyuiu.SychevAD.Sprint4.Task1.V8.Test.csproj", "{01EFA79A-9637-4666-A66D-35BE29A609EB}"
EndProject
Project("{FAE04EC0-301F-11D3-BF4B-00C04F79EFBC}") = "Tyuiu.SychevAD.Sprint4.Task3.V29.Test", "Tyuiu.SychevAD.Sprint4.Task3.V29.Test\Tyuiu.SychevAD.Sprint4.Task3.V29.Test.csproj", "{50A97244-64F6-4F60-9A4D-F0923FF86853}"
EndProject
Project("{FAE04EC0-301F-11D3-BF4B-00C04F79EFBC}") = "Tyuiu.SychevAD.Sprint4.Task3.V29.Lib", "Tyuiu.SychevAD.Sprint4.Task3.V29.Lib\Tyuiu.SychevAD.Sprint4.Task3.V29.Lib.csproj", "{9B294337-4941-4A1D-941A-3B7F1DB51812}"
EndProject
Project("{FAE04EC0-301F-11D3-BF4B-00C04F79EFBC}") = "Tyuiu.SychevAD.Sprint4.Task3.V29", "Tyuiu.SychevAD.Sprint4.Task3.V29\Tyuiu.SychevAD.Sprint4.Task3.V29.csproj", "{3DD2915B-A9C9-47A4-B2ED-A153097F8A20}"
EndProject
Project("{FAE04EC0-301F-11D3-BF4B-00C04F79EFBC}") = "Tyuiu.SychevAD.Sprint4.Task4.V17.Test", "Tyuiu.SychevAD.Sprint4.Task4.V17.Test\Tyuiu.SychevAD.Sprint4.Task4.V17.Test.csproj", "{BB1E4560-CB7E-4759-A5C6-D032CB57E789}"
EndProject
Project("{FAE04EC0-301F-11D3-BF4B-00C04F79EFBC}") = "Tyuiu.SychevAD.Sprint4.Task4.V17", "Tyuiu.SychevAD.Sprint4.Task4.V17\Tyuiu.SychevAD.Sprint4.Task4.V17.csproj", "{706C17DB-69BF-49F1-B36E-7CD4788FFC52}"
EndProject
Project("{FAE04EC0-301F-11D3-BF4B-00C04F79EFBC}") = "Tyuiu.SychevAD.Sprint4.Task4.V17.Lib", "Tyuiu.SychevAD.Sprint4.Task4.V17.Lib\Tyuiu.SychevAD.Sprint4.Task4.V17.Lib.csproj", "{9AAA653B-6BDB-4066-A726-FBCE5969EE4D}"
EndProject
Project("{FAE04EC0-301F-11D3-BF4B-00C04F79EFBC}") = "Tyuiu.SychevAD.Sprint4.Task5.V27", "Tyuiu.SychevAD.Sprint4.Task5.V27\Tyuiu.SychevAD.Sprint4.Task5.V27.csproj", "{B7BDB02E-01E1-4C0D-866D-F5B5178D38D5}"
EndProject
Project("{FAE04EC0-301F-11D3-BF4B-00C04F79EFBC}") = "Tyuiu.SychevAD.Sprint4.Task5.V27.Lib", "Tyuiu.SychevAD.Sprint4.Task5.V27.Lib\Tyuiu.SychevAD.Sprint4.Task5.V27.Lib.csproj", "{819C71D1-5C1C-4FE2-BC25-53CEC7B63594}"
EndProject
Project("{FAE04EC0-301F-11D3-BF4B-00C04F79EFBC}") = "Tyuiu.SychevAD.Sprint4.Task5.V27.Test", "Tyuiu.SychevAD.Sprint4.Task5.V27.Test\Tyuiu.SychevAD.Sprint4.Task5.V27.Test.csproj", "{45B5858D-BD7A-483F-8AC4-24FD7653292F}"
EndProject
Global
	GlobalSection(SolutionConfigurationPlatforms) = preSolution
		Debug|Any CPU = Debug|Any CPU
		Release|Any CPU = Release|Any CPU
	EndGlobalSection
	GlobalSection(ProjectConfigurationPlatforms) = postSolution
		{C1D7421D-B6AE-40A0-BA82-06683FCC68B6}.Debug|Any CPU.ActiveCfg = Debug|Any CPU
		{C1D7421D-B6AE-40A0-BA82-06683FCC68B6}.Debug|Any CPU.Build.0 = Debug|Any CPU
		{C1D7421D-B6AE-40A0-BA82-06683FCC68B6}.Release|Any CPU.ActiveCfg = Release|Any CPU
		{C1D7421D-B6AE-40A0-BA82-06683FCC68B6}.Release|Any CPU.Build.0 = Release|Any CPU
		{87A0E703-DF20-4902-824F-587CC13C5970}.Debug|Any CPU.ActiveCfg = Debug|Any CPU
		{87A0E703-DF20-4902-824F-587CC13C5970}.Debug|Any CPU.Build.0 = Debug|Any CPU
		{87A0E703-DF20-4902-824F-587CC13C5970}.Release|Any CPU.ActiveCfg = Release|Any CPU
		{87A0E703-DF20-4902-824F-587CC13C5970}.Release|Any CPU.Build.0 = Release|Any CPU
		{70C77A77-1F2C-4FB3-9870-D6D1C354D57C}.Debug|Any CPU.ActiveCfg = Debug|Any CPU
		{70C77A77-1F2C-4FB3-9870-D6D1C354D57C}.Debug|Any CPU.Build.0 = Debug|Any CPU
		{70C77A77-1F2C-4FB3-9870-D6D1C354D57C}.Release|Any CPU.ActiveCfg = Release|Any CPU
		{70C77A77-1F2C-4FB3-9870-D6D1C354D57C}.Release|Any CPU.Build.0 = Release|Any CPU
		{B497AF8D-16BA-45BC-8DC6-8C67D56ECA66}.Debug|Any CPU.ActiveCfg = Debug|Any CPU
		{B497AF8D-16BA-45BC-8DC6-8C67D56ECA66}.Debug|Any CPU.Build.0 = Debug|Any CPU
		{B497AF8D-16BA-45BC-8DC6-8C67D56ECA66}.Release|Any CPU.ActiveCfg = Release|Any CPU
		{B497AF8D-16BA-45BC-8DC6-8C67D56ECA66}.Release|Any CPU.Build.0 = Release|Any CPU
		{14111C73-829B-4CCF-87F7-8C61AB388B2F}.Debug|Any CPU.ActiveCfg = Debug|Any CPU
		{14111C73-829B-4CCF-87F7-8C61AB388B2F}.Debug|Any CPU.Build.0 = Debug|Any CPU
		{14111C73-829B-4CCF-87F7-8C61AB388B2F}.Release|Any CPU.ActiveCfg = Release|Any CPU
		{14111C73-829B-4CCF-87F7-8C61AB388B2F}.Release|Any CPU.Build.0 = Release|Any CPU
		{7AD74AEE-F951-4DD6-8417-43E650D4BD23}.Debug|Any CPU.ActiveCfg = Debug|Any CPU
		{7AD74AEE-F951-4DD6-8417-43E650D4BD23}.Debug|Any CPU.Build.0 = Debug|Any CPU
		{7AD74AEE-F951-4DD6-8417-43E650D4BD23}.Release|Any CPU.ActiveCfg = Release|Any CPU
		{7AD74AEE-F951-4DD6-8417-43E650D4BD23}.Release|Any CPU.Build.0 = Release|Any CPU
		{B3E919EB-A89E-4890-A25D-6497CB348946}.Debug|Any CPU.ActiveCfg = Debug|Any CPU
		{B3E919EB-A89E-4890-A25D-6497CB348946}.Debug|Any CPU.Build.0 = Debug|Any CPU
		{B3E919EB-A89E-4890-A25D-6497CB348946}.Release|Any CPU.ActiveCfg = Release|Any CPU
		{B3E919EB-A89E-4890-A25D-6497CB348946}.Release|Any CPU.Build.0 = Release|Any CPU
		{E583C74E-43B9-4C19-A4FE-20AE15E399A9}.Debug|Any CPU.ActiveCfg = Debug|Any CPU
		{E583C74E-43B9-4C19-A4FE-20AE15E399A9}.Debug|Any CPU.Build.0 = Debug|Any CPU
		{E583C74E-43B9-4C19-A4FE-20AE15E399A9}.Release|Any CPU.ActiveCfg = Release|Any CPU
		{E583C74E-43B9-4C19-A4FE-20AE15E399A9}.Release|Any CPU.Build.0 = Release|Any CPU
		{5D8852FC-1D20-4997-9B11-E499519B5DED}.Debug|Any CPU.ActiveCfg = Debug|Any CPU
		{5D8852FC-1D20-4997-9B11-E499519B5DED}.Debug|Any CPU.Build.0 = Debug|Any CPU
		{5D8852FC-1D20-4997-9B11-E499519B5DED}.Release|Any CPU.ActiveCfg = Release|Any CPU
		{5D8852FC-1D20-4997-9B11-E499519B5DED}.Release|Any CPU.Build.0 = Release|Any CPU
		{A7ED0BFB-ABE8-4246-B4C8-C3A0121E8CA8}.Debug|Any CPU.ActiveCfg = Debug|Any CPU
		{A7ED0BFB-ABE8-4246-B4C8-C3A0121E8CA8}.Debug|Any CPU.Build.0 = Debug|Any CPU
		{A7ED0BFB-ABE8-4246-B4C8-C3A0121E8CA8}.Release|Any CPU.ActiveCfg = Release|Any CPU
		{A7ED0BFB-ABE8-4246-B4C8-C3A0121E8CA8}.Release|Any CPU.Build.0 = Release|Any CPU
		{DB9DE8C8-867C-4DD8-B614-FCFACF465A15}.Debug|Any CPU.ActiveCfg = Debug|Any CPU
		{DB9DE8C8-867C-4DD8-B614-FCFACF465A15}.Debug|Any CPU.Build.0 = Debug|Any CPU
		{DB9DE8C8-867C-4DD8-B614-FCFACF465A15}.Release|Any CPU.ActiveCfg = Release|Any CPU
		{DB9DE8C8-867C-4DD8-B614-FCFACF465A15}.Release|Any CPU.Build.0 = Release|Any CPU
		{89DC9CF1-6C0E-41B9-A9D1-B04E62FE5BC7}.Debug|Any CPU.ActiveCfg = Debug|Any CPU
		{89DC9CF1-6C0E-41B9-A9D1-B04E62FE5BC7}.Debug|Any CPU.Build.0 = Debug|Any CPU
		{89DC9CF1-6C0E-41B9-A9D1-B04E62FE5BC7}.Release|Any CPU.ActiveCfg = Release|Any CPU
		{89DC9CF1-6C0E-41B9-A9D1-B04E62FE5BC7}.Release|Any CPU.Build.0 = Release|Any CPU
		{1E880F2F-205F-4F54-8ABD-64D2ED20B0CA}.Debug|Any CPU.ActiveCfg = Debug|Any CPU
		{1E880F2F-205F-4F54-8ABD-64D2ED20B0CA}.Debug|Any CPU.Build.0 = Debug|Any CPU
		{1E880F2F-205F-4F54-8ABD-64D2ED20B0CA}.Release|Any CPU.ActiveCfg = Release|Any CPU
		{1E880F2F-205F-4F54-8ABD-64D2ED20B0CA}.Release|Any CPU.Build.0 = Release|Any CPU
		{700832F8-5198-41B4-9FDC-BF1380D8744B}.Debug|Any CPU.ActiveCfg = Debug|Any CPU
		{700832F8-5198-41B4-9FDC-BF1380D8744B}.Debug|Any CPU.Build.0 = Debug|Any CPU
		{700832F8-5198-41B4-9FDC-BF1380D8744B}.Release|Any CPU.ActiveCfg = Release|Any CPU
		{700832F8-5198-41B4-9FDC-BF1380D8744B}.Release|Any CPU.Build.0 = Release|Any CPU
		{01EFA79A-9637-4666-A66D-35BE29A609EB}.Debug|Any CPU.ActiveCfg = Debug|Any CPU
		{01EFA79A-9637-4666-A66D-35BE29A609EB}.Debug|Any CPU.Build.0 = Debug|Any CPU
		{01EFA79A-9637-4666-A66D-35BE29A609EB}.Release|Any CPU.ActiveCfg = Release|Any CPU
		{01EFA79A-9637-4666-A66D-35BE29A609EB}.Release|Any CPU.Build.0 = Release|Any CPU
		{50A97244-64F6-4F60-9A4D-F0923FF86853}.Debug|Any CPU.ActiveCfg = Debug|Any CPU
		{50A97244-64F6-4F60-9A4D-F0923FF86853}.Debug|Any CPU.Build.0 = Debug|Any CPU
		{50A97244-64F6-4F60-9A4D-F0923FF86853}.Release|Any CPU.ActiveCfg = Release|Any CPU
		{50A97244-64F6-4F60-9A4D-F0923FF86853}.Release|Any CPU.Build.0 = Release|Any CPU
		{9B294337-4941-4A1D-941A-3B7F1DB51812}.Debug|Any CPU.ActiveCfg = Debug|Any CPU
		{9B294337-4941-4A1D-941A-3B7F1DB51812}.Debug|Any CPU.Build.0 = Debug|Any CPU
		{9B294337-4941-4A1D-941A-3B7F1DB51812}.Release|Any CPU.ActiveCfg = Release|Any CPU
		{9B294337-4941-4A1D-941A-3B7F1DB51812}.Release|Any CPU.Build.0 = Release|Any CPU
		{3DD2915B-A9C9-47A4-B2ED-A153097F8A20}.Debug|Any CPU.ActiveCfg = Debug|Any CPU
		{3DD2915B-A9C9-47A4-B2ED-A153097F8A20}.Debug|Any CPU.Build.0 = Debug|Any CPU
		{3DD2915B-A9C9-47A4-B2ED-A153097F8A20}.Release|Any CPU.ActiveCfg = Release|Any CPU
		{3DD2915B-A9C9-47A4-B2ED-A153097F8A20}.Release|Any CPU.Build.0 = Release|Any CPU
		{BB1E4560-CB7E-4759-A5C6-D032CB57E789}.Debug|Any CPU.ActiveCfg = Debug|Any CPU
		{BB1E4560-CB7E-4759-A5C6-D032CB57E789}.Debug|Any CPU.Build.0 = Debug|Any CPU
		{BB1E4560-CB7E-4759-A5C6-D032CB57E789}.Release|Any CPU.ActiveCfg = Release|Any CPU
		{BB1E4560-CB7E-4759-A5C6-D032CB57E789}.Release|Any CPU.Build.0 = Release|Any CPU
		{706C17DB-69BF-49F1-B36E-7CD4788FFC52}.Debug|Any CPU.ActiveCfg = Debug|Any CPU
		{706C17DB-69BF-49F1-B36E-7CD4788FFC52}.Debug|Any CPU.Build.0 = Debug|Any CPU
		{706C17DB-69BF-49F1-B36E-7CD4788FFC52}.Release|Any CPU.ActiveCfg = Release|Any CPU
		{706C17DB-69BF-49F1-B36E-7CD4788FFC52}.Release|Any CPU.Build.0 = Release|Any CPU
		{9AAA653B-6BDB-4066-A726-FBCE5969EE4D}.Debug|Any CPU.ActiveCfg = Debug|Any CPU
		{9AAA653B-6BDB-4066-A726-FBCE5969EE4D}.Debug|Any CPU.Build.0 = Debug|Any CPU
		{9AAA653B-6BDB-4066-A726-FBCE5969EE4D}.Release|Any CPU.ActiveCfg = Release|Any CPU
		{9AAA653B-6BDB-4066-A726-FBCE5969EE4D}.Release|Any CPU.Build.0 = Release|Any CPU
		{B7BDB02E-01E1-4C0D-866D-F5B5178D38D5}.Debug|Any CPU.ActiveCfg = Debug|Any CPU
		{B7BDB02E-01E1-4C0D-866D-F5B5178D38D5}.Debug|Any CPU.Build.0 = Debug|Any CPU
		{B7BDB02E-01E1-4C0D-866D-F5B5178D38D5}.Release|Any CPU.ActiveCfg = Release|Any CPU
		{B7BDB02E-01E1-4C0D-866D-F5B5178D38D5}.Release|Any CPU.Build.0 = Release|Any CPU
		{819C71D1-5C1C-4FE2-BC25-53CEC7B63594}.Debug|Any CPU.ActiveCfg = Debug|Any CPU
		{819C71D1-5C1C-4FE2-BC25-53CEC7B63594}.Debug|Any CPU.Build.0 = Debug|Any CPU
		{819C71D1-5C1C-4FE2-BC25-53CEC7B63594}.Release|Any CPU.ActiveCfg = Release|Any CPU
		{819C71D1-5C1C-4FE2-BC25-53CEC7B63594}.Release|Any CPU.Build.0 = Release|Any CPU
		{45B5858D-BD7A-483F-8AC4-24FD7653292F}.Debug|Any CPU.ActiveCfg = Debug|Any CPU
		{45B5858D-BD7A-483F-8AC4-24FD7653292F}.Debug|Any CPU.Build.0 = Debug|Any CPU
		{45B5858D-BD7A-483F-8AC4-24FD7653292F}.Release|Any CPU.ActiveCfg = Release|Any CPU
		{45B5858D-BD7A-483F-8AC4-24FD7653292F}.Release|Any CPU.Build.0 = Release|Any CPU
	EndGlobalSection
	GlobalSection(SolutionProperties) = preSolution
		HideSolutionNode = FALSE
	EndGlobalSection
	GlobalSection(NestedProjects) = preSolution
		{C1D7421D-B6AE-40A0-BA82-06683FCC68B6} = {B00C6ECA-712B-423F-ACC2-DC6BEA3A50AB}
		{87A0E703-DF20-4902-824F-587CC13C5970} = {B00C6ECA-712B-423F-ACC2-DC6BEA3A50AB}
		{70C77A77-1F2C-4FB3-9870-D6D1C354D57C} = {B00C6ECA-712B-423F-ACC2-DC6BEA3A50AB}
		{B497AF8D-16BA-45BC-8DC6-8C67D56ECA66} = {37606592-9414-4C12-94A6-B3547F0963B3}
		{14111C73-829B-4CCF-87F7-8C61AB388B2F} = {37606592-9414-4C12-94A6-B3547F0963B3}
		{7AD74AEE-F951-4DD6-8417-43E650D4BD23} = {37606592-9414-4C12-94A6-B3547F0963B3}
		{B3E919EB-A89E-4890-A25D-6497CB348946} = {E4D7BC38-4E77-4508-8FE9-179105AEB9FC}
		{E583C74E-43B9-4C19-A4FE-20AE15E399A9} = {E4D7BC38-4E77-4508-8FE9-179105AEB9FC}
		{5D8852FC-1D20-4997-9B11-E499519B5DED} = {E4D7BC38-4E77-4508-8FE9-179105AEB9FC}
		{A7ED0BFB-ABE8-4246-B4C8-C3A0121E8CA8} = {DB405031-3C42-45F7-9C16-DB2EB690898A}
		{DB9DE8C8-867C-4DD8-B614-FCFACF465A15} = {DB405031-3C42-45F7-9C16-DB2EB690898A}
		{89DC9CF1-6C0E-41B9-A9D1-B04E62FE5BC7} = {DB405031-3C42-45F7-9C16-DB2EB690898A}
		{1E880F2F-205F-4F54-8ABD-64D2ED20B0CA} = {F7259065-1740-4C3E-A6BD-C5680B22D813}
		{700832F8-5198-41B4-9FDC-BF1380D8744B} = {F7259065-1740-4C3E-A6BD-C5680B22D813}
		{01EFA79A-9637-4666-A66D-35BE29A609EB} = {F7259065-1740-4C3E-A6BD-C5680B22D813}
		{50A97244-64F6-4F60-9A4D-F0923FF86853} = {A4B6A21C-5351-4222-BC58-0E55C038EB5D}
		{9B294337-4941-4A1D-941A-3B7F1DB51812} = {A4B6A21C-5351-4222-BC58-0E55C038EB5D}
		{3DD2915B-A9C9-47A4-B2ED-A153097F8A20} = {A4B6A21C-5351-4222-BC58-0E55C038EB5D}
		{BB1E4560-CB7E-4759-A5C6-D032CB57E789} = {6F60C931-F6BF-4E4B-9D6E-316B69D8EDA8}
		{706C17DB-69BF-49F1-B36E-7CD4788FFC52} = {6F60C931-F6BF-4E4B-9D6E-316B69D8EDA8}
		{9AAA653B-6BDB-4066-A726-FBCE5969EE4D} = {6F60C931-F6BF-4E4B-9D6E-316B69D8EDA8}
		{B7BDB02E-01E1-4C0D-866D-F5B5178D38D5} = {D275DDC1-9F84-467B-AF17-340E7E7845B8}
		{819C71D1-5C1C-4FE2-BC25-53CEC7B63594} = {D275DDC1-9F84-467B-AF17-340E7E7845B8}
		{45B5858D-BD7A-483F-8AC4-24FD7653292F} = {D275DDC1-9F84-467B-AF17-340E7E7845B8}
	EndGlobalSection
	GlobalSection(ExtensibilityGlobals) = postSolution
		SolutionGuid = {A9458299-FDF2-4C9D-A0B5-DC6739836DFD}
	EndGlobalSection
EndGlobal
